
Microsoft Visual Studio Solution File, Format Version 12.00
# Visual Studio Version 17
VisualStudioVersion = 17.9.34902.65
MinimumVisualStudioVersion = 10.0.40219.1
Project("{FAE04EC0-301F-11D3-BF4B-00C04F79EFBC}") = "ÖğrenciTakipFormu", "ÖğrenciTakipFormu\ÖğrenciTakipFormu.csproj", "{80170E5E-CB97-423C-ABB7-6831B8B5598D}"
EndProject
Global
	GlobalSection(SolutionConfigurationPlatforms) = preSolution
		Debug|Any CPU = Debug|Any CPU
		Release|Any CPU = Release|Any CPU
	EndGlobalSection
	GlobalSection(ProjectConfigurationPlatforms) = postSolution
		{80170E5E-CB97-423C-ABB7-6831B8B5598D}.Debug|Any CPU.ActiveCfg = Debug|Any CPU
		{80170E5E-CB97-423C-ABB7-6831B8B5598D}.Debug|Any CPU.Build.0 = Debug|Any CPU
		{80170E5E-CB97-423C-ABB7-6831B8B5598D}.Release|Any CPU.ActiveCfg = Release|Any CPU
		{80170E5E-CB97-423C-ABB7-6831B8B5598D}.Release|Any CPU.Build.0 = Release|Any CPU
	EndGlobalSection
	GlobalSection(SolutionProperties) = preSolution
		HideSolutionNode = FALSE
	EndGlobalSection
	GlobalSection(ExtensibilityGlobals) = postSolution
		SolutionGuid = {C714B130-1B96-441F-8AFC-A41F00C3E8FB}
	EndGlobalSection
EndGlobal
